
Microsoft Visual Studio Solution File, Format Version 12.00
# Visual Studio Version 17
VisualStudioVersion = 17.3.32811.315
MinimumVisualStudioVersion = 10.0.40219.1
Project("{FAE04EC0-301F-11D3-BF4B-00C04F79EFBC}") = "BookStore", "BookStore\BookStore.csproj", "{EE5633E0-99AF-4FB5-BF84-C99D648B2928}"
EndProject
Global
	GlobalSection(SolutionConfigurationPlatforms) = preSolution
		Debug|Any CPU = Debug|Any CPU
		Release|Any CPU = Release|Any CPU
	EndGlobalSection
	GlobalSection(ProjectConfigurationPlatforms) = postSolution
		{EE5633E0-99AF-4FB5-BF84-C99D648B2928}.Debug|Any CPU.ActiveCfg = Debug|Any CPU
		{EE5633E0-99AF-4FB5-BF84-C99D648B2928}.Debug|Any CPU.Build.0 = Debug|Any CPU
		{EE5633E0-99AF-4FB5-BF84-C99D648B2928}.Release|Any CPU.ActiveCfg = Release|Any CPU
		{EE5633E0-99AF-4FB5-BF84-C99D648B2928}.Release|Any CPU.Build.0 = Release|Any CPU
	EndGlobalSection
	GlobalSection(SolutionProperties) = preSolution
		HideSolutionNode = FALSE
	EndGlobalSection
	GlobalSection(ExtensibilityGlobals) = postSolution
		SolutionGuid = {F16183A4-E8A1-48A2-AD5C-554EED192D3B}
	EndGlobalSection
EndGlobal
